
Microsoft Visual Studio Solution File, Format Version 12.00
# Visual Studio Version 16
VisualStudioVersion = 16.0.28803.352
MinimumVisualStudioVersion = 10.0.40219.1
Project("{9A19103F-16F7-4668-BE54-9A1E7A4F7556}") = "Vinarish", "Vinarish\Vinarish.csproj", "{EF706827-186B-4FC0-997C-697B86E94C14}"
EndProject
Project("{9A19103F-16F7-4668-BE54-9A1E7A4F7556}") = "VinarishMvc", "VinarishMvc\VinarishMvc.csproj", "{5C4E25D3-6050-4B31-B3CB-9B0DA55FC33F}"
EndProject
Project("{FAE04EC0-301F-11D3-BF4B-00C04F79EFBC}") = "VinarishApi", "VinarishApi\VinarishApi.csproj", "{A035D718-1D6B-4E51-99DD-0979943E5310}"
EndProject
Global
	GlobalSection(SolutionConfigurationPlatforms) = preSolution
		Debug|Any CPU = Debug|Any CPU
		Release|Any CPU = Release|Any CPU
	EndGlobalSection
	GlobalSection(ProjectConfigurationPlatforms) = postSolution
		{EF706827-186B-4FC0-997C-697B86E94C14}.Debug|Any CPU.ActiveCfg = Debug|Any CPU
		{EF706827-186B-4FC0-997C-697B86E94C14}.Debug|Any CPU.Build.0 = Debug|Any CPU
		{EF706827-186B-4FC0-997C-697B86E94C14}.Release|Any CPU.ActiveCfg = Release|Any CPU
		{EF706827-186B-4FC0-997C-697B86E94C14}.Release|Any CPU.Build.0 = Release|Any CPU
		{5C4E25D3-6050-4B31-B3CB-9B0DA55FC33F}.Debug|Any CPU.ActiveCfg = Debug|Any CPU
		{5C4E25D3-6050-4B31-B3CB-9B0DA55FC33F}.Debug|Any CPU.Build.0 = Debug|Any CPU
		{5C4E25D3-6050-4B31-B3CB-9B0DA55FC33F}.Release|Any CPU.ActiveCfg = Release|Any CPU
		{5C4E25D3-6050-4B31-B3CB-9B0DA55FC33F}.Release|Any CPU.Build.0 = Release|Any CPU
		{A035D718-1D6B-4E51-99DD-0979943E5310}.Debug|Any CPU.ActiveCfg = Debug|Any CPU
		{A035D718-1D6B-4E51-99DD-0979943E5310}.Debug|Any CPU.Build.0 = Debug|Any CPU
		{A035D718-1D6B-4E51-99DD-0979943E5310}.Release|Any CPU.ActiveCfg = Release|Any CPU
		{A035D718-1D6B-4E51-99DD-0979943E5310}.Release|Any CPU.Build.0 = Release|Any CPU
	EndGlobalSection
	GlobalSection(SolutionProperties) = preSolution
		HideSolutionNode = FALSE
	EndGlobalSection
	GlobalSection(ExtensibilityGlobals) = postSolution
		SolutionGuid = {A3D03DD5-11BE-4E6F-9362-98E351DAF5A4}
	EndGlobalSection
EndGlobal
