
Microsoft Visual Studio Solution File, Format Version 12.00
# Visual Studio Version 16
VisualStudioVersion = 16.0.28803.352
MinimumVisualStudioVersion = 10.0.40219.1
Project("{9A19103F-16F7-4668-BE54-9A1E7A4F7556}") = "Vinarish", "Vinarish\Vinarish.csproj", "{EF706827-186B-4FC0-997C-697B86E94C14}"
EndProject
Project("{9A19103F-16F7-4668-BE54-9A1E7A4F7556}") = "VinarishMvc", "VinarishMvc\VinarishMvc.csproj", "{5C4E25D3-6050-4B31-B3CB-9B0DA55FC33F}"
EndProject
Project("{9A19103F-16F7-4668-BE54-9A1E7A4F7556}") = "VinarishApi", "VinarishApi\VinarishApi.csproj", "{A035D718-1D6B-4E51-99DD-0979943E5310}"
EndProject
Project("{9A19103F-16F7-4668-BE54-9A1E7A4F7556}") = "VinarishModelLibrary", "VinarishModelLibrary\VinarishModelLibrary.csproj", "{FF10F9F0-FA27-49E4-AB46-8B22BD4CF012}"
EndProject
Project("{9A19103F-16F7-4668-BE54-9A1E7A4F7556}") = "VinarishLib", "VinarishLib\VinarishLib.csproj", "{95AF21E5-404A-4C14-B1AE-3DDDC20B60CC}"
EndProject
Project("{9A19103F-16F7-4668-BE54-9A1E7A4F7556}") = "Vinarish.BlazorBoilerplate.UI", "Vinarish.BlazorBoilerplate.UI\Vinarish.BlazorBoilerplate.UI.csproj", "{BBF2F959-EBB8-4EB1-9B61-951D28108E22}"
EndProject
Project("{9A19103F-16F7-4668-BE54-9A1E7A4F7556}") = "BlazorBoilerplate.Shared", "..\blazorboilerplate.customized\src\BlazorBoilerplate.Shared\BlazorBoilerplate.Shared.csproj", "{44404682-6A6F-479D-BC6C-C9A54E2F6EBE}"
EndProject
Project("{9A19103F-16F7-4668-BE54-9A1E7A4F7556}") = "VinarishCsb.Client", "VinarishCSB\src\VinarishCsb.Client\VinarishCsb.Client.csproj", "{C47B9724-FA1A-4D4A-A6DC-F2A91459A175}"
EndProject
Project("{9A19103F-16F7-4668-BE54-9A1E7A4F7556}") = "VinarishCsb.Server", "VinarishCSB\src\VinarishCsb.Server\VinarishCsb.Server.csproj", "{7F985EE5-94DD-4AE7-9282-8F6D8F39D78B}"
EndProject
Project("{9A19103F-16F7-4668-BE54-9A1E7A4F7556}") = "VinarishCsb.Shared", "VinarishCSB\src\VinarishCsb.Shared\VinarishCsb.Shared.csproj", "{5FFE0E61-7271-4618-BDE2-BC2EEF81EA1A}"
EndProject
Global
	GlobalSection(SolutionConfigurationPlatforms) = preSolution
		Debug_CSB|Any CPU = Debug_CSB|Any CPU
		Debug_SSB|Any CPU = Debug_SSB|Any CPU
		Debug|Any CPU = Debug|Any CPU
		Release_CSB|Any CPU = Release_CSB|Any CPU
		Release_SSB|Any CPU = Release_SSB|Any CPU
		Release|Any CPU = Release|Any CPU
	EndGlobalSection
	GlobalSection(ProjectConfigurationPlatforms) = postSolution
		{EF706827-186B-4FC0-997C-697B86E94C14}.Debug_CSB|Any CPU.ActiveCfg = Debug|Any CPU
		{EF706827-186B-4FC0-997C-697B86E94C14}.Debug_SSB|Any CPU.ActiveCfg = Debug|Any CPU
		{EF706827-186B-4FC0-997C-697B86E94C14}.Debug|Any CPU.ActiveCfg = Debug|Any CPU
		{EF706827-186B-4FC0-997C-697B86E94C14}.Debug|Any CPU.Build.0 = Debug|Any CPU
		{EF706827-186B-4FC0-997C-697B86E94C14}.Release_CSB|Any CPU.ActiveCfg = Release|Any CPU
		{EF706827-186B-4FC0-997C-697B86E94C14}.Release_SSB|Any CPU.ActiveCfg = Release|Any CPU
		{EF706827-186B-4FC0-997C-697B86E94C14}.Release|Any CPU.ActiveCfg = Release|Any CPU
		{EF706827-186B-4FC0-997C-697B86E94C14}.Release|Any CPU.Build.0 = Release|Any CPU
		{5C4E25D3-6050-4B31-B3CB-9B0DA55FC33F}.Debug_CSB|Any CPU.ActiveCfg = Debug|Any CPU
		{5C4E25D3-6050-4B31-B3CB-9B0DA55FC33F}.Debug_SSB|Any CPU.ActiveCfg = Debug|Any CPU
		{5C4E25D3-6050-4B31-B3CB-9B0DA55FC33F}.Debug|Any CPU.ActiveCfg = Debug|Any CPU
		{5C4E25D3-6050-4B31-B3CB-9B0DA55FC33F}.Debug|Any CPU.Build.0 = Debug|Any CPU
		{5C4E25D3-6050-4B31-B3CB-9B0DA55FC33F}.Release_CSB|Any CPU.ActiveCfg = Release|Any CPU
		{5C4E25D3-6050-4B31-B3CB-9B0DA55FC33F}.Release_SSB|Any CPU.ActiveCfg = Release|Any CPU
		{5C4E25D3-6050-4B31-B3CB-9B0DA55FC33F}.Release|Any CPU.ActiveCfg = Release|Any CPU
		{5C4E25D3-6050-4B31-B3CB-9B0DA55FC33F}.Release|Any CPU.Build.0 = Release|Any CPU
		{A035D718-1D6B-4E51-99DD-0979943E5310}.Debug_CSB|Any CPU.ActiveCfg = Debug|Any CPU
		{A035D718-1D6B-4E51-99DD-0979943E5310}.Debug_SSB|Any CPU.ActiveCfg = Debug|Any CPU
		{A035D718-1D6B-4E51-99DD-0979943E5310}.Debug|Any CPU.ActiveCfg = Debug|Any CPU
		{A035D718-1D6B-4E51-99DD-0979943E5310}.Debug|Any CPU.Build.0 = Debug|Any CPU
		{A035D718-1D6B-4E51-99DD-0979943E5310}.Release_CSB|Any CPU.ActiveCfg = Release|Any CPU
		{A035D718-1D6B-4E51-99DD-0979943E5310}.Release_SSB|Any CPU.ActiveCfg = Release|Any CPU
		{A035D718-1D6B-4E51-99DD-0979943E5310}.Release|Any CPU.ActiveCfg = Release|Any CPU
		{A035D718-1D6B-4E51-99DD-0979943E5310}.Release|Any CPU.Build.0 = Release|Any CPU
		{FF10F9F0-FA27-49E4-AB46-8B22BD4CF012}.Debug_CSB|Any CPU.ActiveCfg = Debug|Any CPU
		{FF10F9F0-FA27-49E4-AB46-8B22BD4CF012}.Debug_SSB|Any CPU.ActiveCfg = Debug|Any CPU
		{FF10F9F0-FA27-49E4-AB46-8B22BD4CF012}.Debug|Any CPU.ActiveCfg = Debug|Any CPU
		{FF10F9F0-FA27-49E4-AB46-8B22BD4CF012}.Debug|Any CPU.Build.0 = Debug|Any CPU
		{FF10F9F0-FA27-49E4-AB46-8B22BD4CF012}.Release_CSB|Any CPU.ActiveCfg = Release|Any CPU
		{FF10F9F0-FA27-49E4-AB46-8B22BD4CF012}.Release_SSB|Any CPU.ActiveCfg = Release|Any CPU
		{FF10F9F0-FA27-49E4-AB46-8B22BD4CF012}.Release|Any CPU.ActiveCfg = Release|Any CPU
		{FF10F9F0-FA27-49E4-AB46-8B22BD4CF012}.Release|Any CPU.Build.0 = Release|Any CPU
		{95AF21E5-404A-4C14-B1AE-3DDDC20B60CC}.Debug_CSB|Any CPU.ActiveCfg = Debug|Any CPU
		{95AF21E5-404A-4C14-B1AE-3DDDC20B60CC}.Debug_CSB|Any CPU.Build.0 = Debug|Any CPU
		{95AF21E5-404A-4C14-B1AE-3DDDC20B60CC}.Debug_SSB|Any CPU.ActiveCfg = Debug|Any CPU
		{95AF21E5-404A-4C14-B1AE-3DDDC20B60CC}.Debug_SSB|Any CPU.Build.0 = Debug|Any CPU
		{95AF21E5-404A-4C14-B1AE-3DDDC20B60CC}.Debug|Any CPU.ActiveCfg = Debug|Any CPU
		{95AF21E5-404A-4C14-B1AE-3DDDC20B60CC}.Debug|Any CPU.Build.0 = Debug|Any CPU
		{95AF21E5-404A-4C14-B1AE-3DDDC20B60CC}.Release_CSB|Any CPU.ActiveCfg = Release|Any CPU
		{95AF21E5-404A-4C14-B1AE-3DDDC20B60CC}.Release_CSB|Any CPU.Build.0 = Release|Any CPU
		{95AF21E5-404A-4C14-B1AE-3DDDC20B60CC}.Release_SSB|Any CPU.ActiveCfg = Release|Any CPU
		{95AF21E5-404A-4C14-B1AE-3DDDC20B60CC}.Release_SSB|Any CPU.Build.0 = Release|Any CPU
		{95AF21E5-404A-4C14-B1AE-3DDDC20B60CC}.Release|Any CPU.ActiveCfg = Release|Any CPU
		{95AF21E5-404A-4C14-B1AE-3DDDC20B60CC}.Release|Any CPU.Build.0 = Release|Any CPU
		{BBF2F959-EBB8-4EB1-9B61-951D28108E22}.Debug_CSB|Any CPU.ActiveCfg = Debug_CSB|Any CPU
		{BBF2F959-EBB8-4EB1-9B61-951D28108E22}.Debug_CSB|Any CPU.Build.0 = Debug_CSB|Any CPU
		{BBF2F959-EBB8-4EB1-9B61-951D28108E22}.Debug_SSB|Any CPU.ActiveCfg = Debug_SSB|Any CPU
		{BBF2F959-EBB8-4EB1-9B61-951D28108E22}.Debug_SSB|Any CPU.Build.0 = Debug_SSB|Any CPU
		{BBF2F959-EBB8-4EB1-9B61-951D28108E22}.Debug|Any CPU.ActiveCfg = Debug_CSB|Any CPU
		{BBF2F959-EBB8-4EB1-9B61-951D28108E22}.Debug|Any CPU.Build.0 = Debug_CSB|Any CPU
		{BBF2F959-EBB8-4EB1-9B61-951D28108E22}.Release_CSB|Any CPU.ActiveCfg = Release_CSB|Any CPU
		{BBF2F959-EBB8-4EB1-9B61-951D28108E22}.Release_CSB|Any CPU.Build.0 = Release_CSB|Any CPU
		{BBF2F959-EBB8-4EB1-9B61-951D28108E22}.Release_SSB|Any CPU.ActiveCfg = Release_SSB|Any CPU
		{BBF2F959-EBB8-4EB1-9B61-951D28108E22}.Release_SSB|Any CPU.Build.0 = Release_SSB|Any CPU
		{BBF2F959-EBB8-4EB1-9B61-951D28108E22}.Release|Any CPU.ActiveCfg = Release_SSB|Any CPU
		{BBF2F959-EBB8-4EB1-9B61-951D28108E22}.Release|Any CPU.Build.0 = Release_SSB|Any CPU
		{44404682-6A6F-479D-BC6C-C9A54E2F6EBE}.Debug_CSB|Any CPU.ActiveCfg = Debug_CSB|Any CPU
		{44404682-6A6F-479D-BC6C-C9A54E2F6EBE}.Debug_CSB|Any CPU.Build.0 = Debug_CSB|Any CPU
		{44404682-6A6F-479D-BC6C-C9A54E2F6EBE}.Debug_SSB|Any CPU.ActiveCfg = Debug_SSB|Any CPU
		{44404682-6A6F-479D-BC6C-C9A54E2F6EBE}.Debug_SSB|Any CPU.Build.0 = Debug_SSB|Any CPU
		{44404682-6A6F-479D-BC6C-C9A54E2F6EBE}.Debug|Any CPU.ActiveCfg = Debug_CSB|Any CPU
		{44404682-6A6F-479D-BC6C-C9A54E2F6EBE}.Debug|Any CPU.Build.0 = Debug_CSB|Any CPU
		{44404682-6A6F-479D-BC6C-C9A54E2F6EBE}.Release_CSB|Any CPU.ActiveCfg = Release_CSB|Any CPU
		{44404682-6A6F-479D-BC6C-C9A54E2F6EBE}.Release_CSB|Any CPU.Build.0 = Release_CSB|Any CPU
		{44404682-6A6F-479D-BC6C-C9A54E2F6EBE}.Release_SSB|Any CPU.ActiveCfg = Release_SSB|Any CPU
		{44404682-6A6F-479D-BC6C-C9A54E2F6EBE}.Release_SSB|Any CPU.Build.0 = Release_SSB|Any CPU
		{44404682-6A6F-479D-BC6C-C9A54E2F6EBE}.Release|Any CPU.ActiveCfg = Release_SSB|Any CPU
		{44404682-6A6F-479D-BC6C-C9A54E2F6EBE}.Release|Any CPU.Build.0 = Release_SSB|Any CPU
		{C47B9724-FA1A-4D4A-A6DC-F2A91459A175}.Debug_CSB|Any CPU.ActiveCfg = Debug|Any CPU
		{C47B9724-FA1A-4D4A-A6DC-F2A91459A175}.Debug_CSB|Any CPU.Build.0 = Debug|Any CPU
		{C47B9724-FA1A-4D4A-A6DC-F2A91459A175}.Debug_SSB|Any CPU.ActiveCfg = Debug|Any CPU
		{C47B9724-FA1A-4D4A-A6DC-F2A91459A175}.Debug_SSB|Any CPU.Build.0 = Debug|Any CPU
		{C47B9724-FA1A-4D4A-A6DC-F2A91459A175}.Debug|Any CPU.ActiveCfg = Debug|Any CPU
		{C47B9724-FA1A-4D4A-A6DC-F2A91459A175}.Debug|Any CPU.Build.0 = Debug|Any CPU
		{C47B9724-FA1A-4D4A-A6DC-F2A91459A175}.Release_CSB|Any CPU.ActiveCfg = Release|Any CPU
		{C47B9724-FA1A-4D4A-A6DC-F2A91459A175}.Release_CSB|Any CPU.Build.0 = Release|Any CPU
		{C47B9724-FA1A-4D4A-A6DC-F2A91459A175}.Release_SSB|Any CPU.ActiveCfg = Release|Any CPU
		{C47B9724-FA1A-4D4A-A6DC-F2A91459A175}.Release_SSB|Any CPU.Build.0 = Release|Any CPU
		{C47B9724-FA1A-4D4A-A6DC-F2A91459A175}.Release|Any CPU.ActiveCfg = Release|Any CPU
		{C47B9724-FA1A-4D4A-A6DC-F2A91459A175}.Release|Any CPU.Build.0 = Release|Any CPU
		{7F985EE5-94DD-4AE7-9282-8F6D8F39D78B}.Debug_CSB|Any CPU.ActiveCfg = Debug|Any CPU
		{7F985EE5-94DD-4AE7-9282-8F6D8F39D78B}.Debug_CSB|Any CPU.Build.0 = Debug|Any CPU
		{7F985EE5-94DD-4AE7-9282-8F6D8F39D78B}.Debug_SSB|Any CPU.ActiveCfg = Debug|Any CPU
		{7F985EE5-94DD-4AE7-9282-8F6D8F39D78B}.Debug_SSB|Any CPU.Build.0 = Debug|Any CPU
		{7F985EE5-94DD-4AE7-9282-8F6D8F39D78B}.Debug|Any CPU.ActiveCfg = Debug|Any CPU
		{7F985EE5-94DD-4AE7-9282-8F6D8F39D78B}.Debug|Any CPU.Build.0 = Debug|Any CPU
		{7F985EE5-94DD-4AE7-9282-8F6D8F39D78B}.Release_CSB|Any CPU.ActiveCfg = Release|Any CPU
		{7F985EE5-94DD-4AE7-9282-8F6D8F39D78B}.Release_CSB|Any CPU.Build.0 = Release|Any CPU
		{7F985EE5-94DD-4AE7-9282-8F6D8F39D78B}.Release_SSB|Any CPU.ActiveCfg = Release|Any CPU
		{7F985EE5-94DD-4AE7-9282-8F6D8F39D78B}.Release_SSB|Any CPU.Build.0 = Release|Any CPU
		{7F985EE5-94DD-4AE7-9282-8F6D8F39D78B}.Release|Any CPU.ActiveCfg = Release|Any CPU
		{7F985EE5-94DD-4AE7-9282-8F6D8F39D78B}.Release|Any CPU.Build.0 = Release|Any CPU
		{5FFE0E61-7271-4618-BDE2-BC2EEF81EA1A}.Debug_CSB|Any CPU.ActiveCfg = Debug|Any CPU
		{5FFE0E61-7271-4618-BDE2-BC2EEF81EA1A}.Debug_CSB|Any CPU.Build.0 = Debug|Any CPU
		{5FFE0E61-7271-4618-BDE2-BC2EEF81EA1A}.Debug_SSB|Any CPU.ActiveCfg = Debug|Any CPU
		{5FFE0E61-7271-4618-BDE2-BC2EEF81EA1A}.Debug_SSB|Any CPU.Build.0 = Debug|Any CPU
		{5FFE0E61-7271-4618-BDE2-BC2EEF81EA1A}.Debug|Any CPU.ActiveCfg = Debug|Any CPU
		{5FFE0E61-7271-4618-BDE2-BC2EEF81EA1A}.Debug|Any CPU.Build.0 = Debug|Any CPU
		{5FFE0E61-7271-4618-BDE2-BC2EEF81EA1A}.Release_CSB|Any CPU.ActiveCfg = Release|Any CPU
		{5FFE0E61-7271-4618-BDE2-BC2EEF81EA1A}.Release_CSB|Any CPU.Build.0 = Release|Any CPU
		{5FFE0E61-7271-4618-BDE2-BC2EEF81EA1A}.Release_SSB|Any CPU.ActiveCfg = Release|Any CPU
		{5FFE0E61-7271-4618-BDE2-BC2EEF81EA1A}.Release_SSB|Any CPU.Build.0 = Release|Any CPU
		{5FFE0E61-7271-4618-BDE2-BC2EEF81EA1A}.Release|Any CPU.ActiveCfg = Release|Any CPU
		{5FFE0E61-7271-4618-BDE2-BC2EEF81EA1A}.Release|Any CPU.Build.0 = Release|Any CPU
	EndGlobalSection
	GlobalSection(SolutionProperties) = preSolution
		HideSolutionNode = FALSE
	EndGlobalSection
	GlobalSection(ExtensibilityGlobals) = postSolution
		SolutionGuid = {A3D03DD5-11BE-4E6F-9362-98E351DAF5A4}
	EndGlobalSection
EndGlobal
